
Microsoft Visual Studio Solution File, Format Version 12.00
# Visual Studio Version 17
VisualStudioVersion = 17.7.34009.444
MinimumVisualStudioVersion = 10.0.40219.1
Project("{9A19103F-16F7-4668-BE54-9A1E7A4F7556}") = "SumOfEvenWithInputs", "SumOfEvenWithInputs\SumOfEvenWithInputs.csproj", "{F487C9E8-6F9A-49FD-8E9D-6011C966C7AD}"
EndProject
Project("{9A19103F-16F7-4668-BE54-9A1E7A4F7556}") = "Task.01.SumOfEven", "Task.01.SumOfEven\Task.01.SumOfEven.csproj", "{681964E5-852F-41D6-810F-027CED74AE64}"
EndProject
Project("{9A19103F-16F7-4668-BE54-9A1E7A4F7556}") = "Task.02.StudentGroup", "Task.02.StudentGroup\Task.02.StudentGroup.csproj", "{23AC7C7E-B574-4BAB-BFEF-F78EB2965A6D}"
EndProject
Project("{9A19103F-16F7-4668-BE54-9A1E7A4F7556}") = "Task.03.RealCalculator", "Task.03.RealCalculator\Task.03.RealCalculator.csproj", "{9CC48650-2B3F-4DFE-B2EF-4BB1D75089B2}"
EndProject
Global
	GlobalSection(SolutionConfigurationPlatforms) = preSolution
		Debug|Any CPU = Debug|Any CPU
		Release|Any CPU = Release|Any CPU
	EndGlobalSection
	GlobalSection(ProjectConfigurationPlatforms) = postSolution
		{F487C9E8-6F9A-49FD-8E9D-6011C966C7AD}.Debug|Any CPU.ActiveCfg = Debug|Any CPU
		{F487C9E8-6F9A-49FD-8E9D-6011C966C7AD}.Debug|Any CPU.Build.0 = Debug|Any CPU
		{F487C9E8-6F9A-49FD-8E9D-6011C966C7AD}.Release|Any CPU.ActiveCfg = Release|Any CPU
		{F487C9E8-6F9A-49FD-8E9D-6011C966C7AD}.Release|Any CPU.Build.0 = Release|Any CPU
		{681964E5-852F-41D6-810F-027CED74AE64}.Debug|Any CPU.ActiveCfg = Debug|Any CPU
		{681964E5-852F-41D6-810F-027CED74AE64}.Debug|Any CPU.Build.0 = Debug|Any CPU
		{681964E5-852F-41D6-810F-027CED74AE64}.Release|Any CPU.ActiveCfg = Release|Any CPU
		{681964E5-852F-41D6-810F-027CED74AE64}.Release|Any CPU.Build.0 = Release|Any CPU
		{23AC7C7E-B574-4BAB-BFEF-F78EB2965A6D}.Debug|Any CPU.ActiveCfg = Debug|Any CPU
		{23AC7C7E-B574-4BAB-BFEF-F78EB2965A6D}.Debug|Any CPU.Build.0 = Debug|Any CPU
		{23AC7C7E-B574-4BAB-BFEF-F78EB2965A6D}.Release|Any CPU.ActiveCfg = Release|Any CPU
		{23AC7C7E-B574-4BAB-BFEF-F78EB2965A6D}.Release|Any CPU.Build.0 = Release|Any CPU
		{9CC48650-2B3F-4DFE-B2EF-4BB1D75089B2}.Debug|Any CPU.ActiveCfg = Debug|Any CPU
		{9CC48650-2B3F-4DFE-B2EF-4BB1D75089B2}.Debug|Any CPU.Build.0 = Debug|Any CPU
		{9CC48650-2B3F-4DFE-B2EF-4BB1D75089B2}.Release|Any CPU.ActiveCfg = Release|Any CPU
		{9CC48650-2B3F-4DFE-B2EF-4BB1D75089B2}.Release|Any CPU.Build.0 = Release|Any CPU
	EndGlobalSection
	GlobalSection(SolutionProperties) = preSolution
		HideSolutionNode = FALSE
	EndGlobalSection
	GlobalSection(ExtensibilityGlobals) = postSolution
		SolutionGuid = {AB649E61-4760-4FFB-BA46-39D6CB9B4486}
	EndGlobalSection
EndGlobal
