
Microsoft Visual Studio Solution File, Format Version 12.00
# Visual Studio Version 17
VisualStudioVersion = 17.7.34009.444
MinimumVisualStudioVersion = 10.0.40219.1
Project("{9A19103F-16F7-4668-BE54-9A1E7A4F7556}") = "Task.01.AverageNumber", "..\Task.01.AverageNumber\Task.01.AverageNumber.csproj", "{2F854150-F6FC-4AC4-B8E2-E67EE32B5EEA}"
EndProject
Project("{9A19103F-16F7-4668-BE54-9A1E7A4F7556}") = "Task.02.SwapNumbers", "..\Task.02.SwapNumbers\Task.02.SwapNumbers.csproj", "{E2FF703D-CAC9-4B44-8200-A2B7665EF9D7}"
EndProject
Global
	GlobalSection(SolutionConfigurationPlatforms) = preSolution
		Debug|Any CPU = Debug|Any CPU
		Release|Any CPU = Release|Any CPU
	EndGlobalSection
	GlobalSection(ProjectConfigurationPlatforms) = postSolution
		{2F854150-F6FC-4AC4-B8E2-E67EE32B5EEA}.Debug|Any CPU.ActiveCfg = Debug|Any CPU
		{2F854150-F6FC-4AC4-B8E2-E67EE32B5EEA}.Debug|Any CPU.Build.0 = Debug|Any CPU
		{2F854150-F6FC-4AC4-B8E2-E67EE32B5EEA}.Release|Any CPU.ActiveCfg = Release|Any CPU
		{2F854150-F6FC-4AC4-B8E2-E67EE32B5EEA}.Release|Any CPU.Build.0 = Release|Any CPU
		{E2FF703D-CAC9-4B44-8200-A2B7665EF9D7}.Debug|Any CPU.ActiveCfg = Debug|Any CPU
		{E2FF703D-CAC9-4B44-8200-A2B7665EF9D7}.Debug|Any CPU.Build.0 = Debug|Any CPU
		{E2FF703D-CAC9-4B44-8200-A2B7665EF9D7}.Release|Any CPU.ActiveCfg = Release|Any CPU
		{E2FF703D-CAC9-4B44-8200-A2B7665EF9D7}.Release|Any CPU.Build.0 = Release|Any CPU
	EndGlobalSection
	GlobalSection(SolutionProperties) = preSolution
		HideSolutionNode = FALSE
	EndGlobalSection
	GlobalSection(ExtensibilityGlobals) = postSolution
		SolutionGuid = {57E1ADDD-6B89-439E-9F6E-33DB6E46093A}
	EndGlobalSection
EndGlobal
