
Microsoft Visual Studio Solution File, Format Version 12.00
# Visual Studio Version 17
VisualStudioVersion = 17.7.34009.444
MinimumVisualStudioVersion = 10.0.40219.1
Project("{9A19103F-16F7-4668-BE54-9A1E7A4F7556}") = "Constructor.Exercise", "Constructor.Exercise\Constructor.Exercise.csproj", "{245ABB1C-4302-490A-93B0-0BE5C5A26255}"
EndProject
Project("{FAE04EC0-301F-11D3-BF4B-00C04F79EFBC}") = "Shape.Class", "Shape.Class\Shape.Class.csproj", "{3D86BC56-2E38-4DB0-A6DF-3DEBD59757DE}"
EndProject
Global
	GlobalSection(SolutionConfigurationPlatforms) = preSolution
		Debug|Any CPU = Debug|Any CPU
		Release|Any CPU = Release|Any CPU
	EndGlobalSection
	GlobalSection(ProjectConfigurationPlatforms) = postSolution
		{245ABB1C-4302-490A-93B0-0BE5C5A26255}.Debug|Any CPU.ActiveCfg = Debug|Any CPU
		{245ABB1C-4302-490A-93B0-0BE5C5A26255}.Debug|Any CPU.Build.0 = Debug|Any CPU
		{245ABB1C-4302-490A-93B0-0BE5C5A26255}.Release|Any CPU.ActiveCfg = Release|Any CPU
		{245ABB1C-4302-490A-93B0-0BE5C5A26255}.Release|Any CPU.Build.0 = Release|Any CPU
		{3D86BC56-2E38-4DB0-A6DF-3DEBD59757DE}.Debug|Any CPU.ActiveCfg = Debug|Any CPU
		{3D86BC56-2E38-4DB0-A6DF-3DEBD59757DE}.Debug|Any CPU.Build.0 = Debug|Any CPU
		{3D86BC56-2E38-4DB0-A6DF-3DEBD59757DE}.Release|Any CPU.ActiveCfg = Release|Any CPU
		{3D86BC56-2E38-4DB0-A6DF-3DEBD59757DE}.Release|Any CPU.Build.0 = Release|Any CPU
	EndGlobalSection
	GlobalSection(SolutionProperties) = preSolution
		HideSolutionNode = FALSE
	EndGlobalSection
	GlobalSection(ExtensibilityGlobals) = postSolution
		SolutionGuid = {113D8C18-4573-4C98-AFA2-863E6E0D8B44}
	EndGlobalSection
EndGlobal
